
Microsoft Visual Studio Solution File, Format Version 12.00
# Visual Studio Version 16
VisualStudioVersion = 16.0.30011.22
MinimumVisualStudioVersion = 10.0.40219.1
Project("{FAE04EC0-301F-11D3-BF4B-00C04F79EFBC}") = "AjaxExample", "AjaxExample\AjaxExample.csproj", "{2DE0E989-6E29-435D-901B-DFC002F2E353}"
EndProject
Project("{FAE04EC0-301F-11D3-BF4B-00C04F79EFBC}") = "AjaxExample.Tests", "AjaxExample.Tests\AjaxExample.Tests.csproj", "{9860E82F-EC48-4A67-8DFD-B1C2DCDD902F}"
EndProject
Global
	GlobalSection(SolutionConfigurationPlatforms) = preSolution
		Debug|Any CPU = Debug|Any CPU
		Release|Any CPU = Release|Any CPU
	EndGlobalSection
	GlobalSection(ProjectConfigurationPlatforms) = postSolution
		{2DE0E989-6E29-435D-901B-DFC002F2E353}.Debug|Any CPU.ActiveCfg = Debug|Any CPU
		{2DE0E989-6E29-435D-901B-DFC002F2E353}.Debug|Any CPU.Build.0 = Debug|Any CPU
		{2DE0E989-6E29-435D-901B-DFC002F2E353}.Release|Any CPU.ActiveCfg = Release|Any CPU
		{2DE0E989-6E29-435D-901B-DFC002F2E353}.Release|Any CPU.Build.0 = Release|Any CPU
		{9860E82F-EC48-4A67-8DFD-B1C2DCDD902F}.Debug|Any CPU.ActiveCfg = Debug|Any CPU
		{9860E82F-EC48-4A67-8DFD-B1C2DCDD902F}.Debug|Any CPU.Build.0 = Debug|Any CPU
		{9860E82F-EC48-4A67-8DFD-B1C2DCDD902F}.Release|Any CPU.ActiveCfg = Release|Any CPU
		{9860E82F-EC48-4A67-8DFD-B1C2DCDD902F}.Release|Any CPU.Build.0 = Release|Any CPU
	EndGlobalSection
	GlobalSection(SolutionProperties) = preSolution
		HideSolutionNode = FALSE
	EndGlobalSection
	GlobalSection(ExtensibilityGlobals) = postSolution
		SolutionGuid = {F6996553-5FC6-413D-8E90-3EF57F72A396}
	EndGlobalSection
EndGlobal
